// !$*UTF8*$!
{
	archiveVersion = 1;
	classes = {
	};
	objectVersion = 55;
	objects = {

/* Begin PBXBuildFile section */
		1287E47DEBE3E2907564041B /* Pods_ChicknStand.framework in Frameworks */ = {isa = PBXBuildFile; fileRef = BF89E0D1300C8BEDCA8767B3 /* Pods_ChicknStand.framework */; };
		724141482E7D47D5000F0503 /* Assets.xcassets in Resources */ = {isa = PBXBuildFile; fileRef = 724141452E7D47D5000F0503 /* Assets.xcassets */; };
		724141492E7D47D5000F0503 /* ChicknStandApp.swift in Sources */ = {isa = PBXBuildFile; fileRef = 724141462E7D47D5000F0503 /* ChicknStandApp.swift */; };
		7241414F2E7D47F8000F0503 /* Color+Extensions.swift in Sources */ = {isa = PBXBuildFile; fileRef = 7241414C2E7D47F8000F0503 /* Color+Extensions.swift */; };
		724141502E7D47F8000F0503 /* ShapeStyle+Extensions.swift in Sources */ = {isa = PBXBuildFile; fileRef = 7241414D2E7D47F8000F0503 /* ShapeStyle+Extensions.swift */; };
		724141512E7D47F8000F0503 /* View+Extensions.swift in Sources */ = {isa = PBXBuildFile; fileRef = 7241414B2E7D47F8000F0503 /* View+Extensions.swift */; };
		724141572E7D47FF000F0503 /* CSLaunchView.swift in Sources */ = {isa = PBXBuildFile; fileRef = 724141542E7D47FF000F0503 /* CSLaunchView.swift */; };
		724141582E7D47FF000F0503 /* CSHomeWebView.swift in Sources */ = {isa = PBXBuildFile; fileRef = 724141522E7D47FF000F0503 /* CSHomeWebView.swift */; };
/* End PBXBuildFile section */

/* Begin PBXFileReference section */
		0B5C99B21D11D70CF90CD5C9 /* Pods-ChicknStand.debug.xcconfig */ = {isa = PBXFileReference; includeInIndex = 1; lastKnownFileType = text.xcconfig; name = "Pods-ChicknStand.debug.xcconfig"; path = "Target Support Files/Pods-ChicknStand/Pods-ChicknStand.debug.xcconfig"; sourceTree = "<group>"; };
		71D522743128014DBD66066F /* Pods-ChicknStand.release.xcconfig */ = {isa = PBXFileReference; includeInIndex = 1; lastKnownFileType = text.xcconfig; name = "Pods-ChicknStand.release.xcconfig"; path = "Target Support Files/Pods-ChicknStand/Pods-ChicknStand.release.xcconfig"; sourceTree = "<group>"; };
		724141362E7D4759000F0503 /* ChicknStand.app */ = {isa = PBXFileReference; explicitFileType = wrapper.application; includeInIndex = 0; path = ChicknStand.app; sourceTree = BUILT_PRODUCTS_DIR; };
		724141452E7D47D5000F0503 /* Assets.xcassets */ = {isa = PBXFileReference; lastKnownFileType = folder.assetcatalog; path = Assets.xcassets; sourceTree = "<group>"; };
		724141462E7D47D5000F0503 /* ChicknStandApp.swift */ = {isa = PBXFileReference; lastKnownFileType = sourcecode.swift; path = ChicknStandApp.swift; sourceTree = "<group>"; };
		7241414B2E7D47F8000F0503 /* View+Extensions.swift */ = {isa = PBXFileReference; lastKnownFileType = sourcecode.swift; path = "View+Extensions.swift"; sourceTree = "<group>"; };
		7241414C2E7D47F8000F0503 /* Color+Extensions.swift */ = {isa = PBXFileReference; lastKnownFileType = sourcecode.swift; path = "Color+Extensions.swift"; sourceTree = "<group>"; };
		7241414D2E7D47F8000F0503 /* ShapeStyle+Extensions.swift */ = {isa = PBXFileReference; lastKnownFileType = sourcecode.swift; path = "ShapeStyle+Extensions.swift"; sourceTree = "<group>"; };
		724141522E7D47FF000F0503 /* CSHomeWebView.swift */ = {isa = PBXFileReference; lastKnownFileType = sourcecode.swift; path = CSHomeWebView.swift; sourceTree = "<group>"; };
		724141542E7D47FF000F0503 /* CSLaunchView.swift */ = {isa = PBXFileReference; lastKnownFileType = sourcecode.swift; path = CSLaunchView.swift; sourceTree = "<group>"; };
		BF89E0D1300C8BEDCA8767B3 /* Pods_ChicknStand.framework */ = {isa = PBXFileReference; explicitFileType = wrapper.framework; includeInIndex = 0; path = Pods_ChicknStand.framework; sourceTree = BUILT_PRODUCTS_DIR; };
/* End PBXFileReference section */

/* Begin PBXFrameworksBuildPhase section */
		724141332E7D4759000F0503 /* Frameworks */ = {
			isa = PBXFrameworksBuildPhase;
			buildActionMask = 2147483647;
			files = (
				1287E47DEBE3E2907564041B /* Pods_ChicknStand.framework in Frameworks */,
			);
			runOnlyForDeploymentPostprocessing = 0;
		};
/* End PBXFrameworksBuildPhase section */

/* Begin PBXGroup section */
		3983793A2953B3335B769A73 /* Frameworks */ = {
			isa = PBXGroup;
			children = (
				BF89E0D1300C8BEDCA8767B3 /* Pods_ChicknStand.framework */,
			);
			name = Frameworks;
			sourceTree = "<group>";
		};
		7241412D2E7D4759000F0503 = {
			isa = PBXGroup;
			children = (
				724141472E7D47D5000F0503 /* ChicknStand */,
				724141372E7D4759000F0503 /* Products */,
				B3DEB65DADB84E54A95C0312 /* Pods */,
				3983793A2953B3335B769A73 /* Frameworks */,
			);
			sourceTree = "<group>";
		};
		724141372E7D4759000F0503 /* Products */ = {
			isa = PBXGroup;
			children = (
				724141362E7D4759000F0503 /* ChicknStand.app */,
			);
			name = Products;
			sourceTree = "<group>";
		};
		724141472E7D47D5000F0503 /* ChicknStand */ = {
			isa = PBXGroup;
			children = (
				724141562E7D47FF000F0503 /* Screens */,
				7241414E2E7D47F8000F0503 /* Extensions */,
				7241414A2E7D47D8000F0503 /* App */,
				724141452E7D47D5000F0503 /* Assets.xcassets */,
			);
			path = ChicknStand;
			sourceTree = "<group>";
		};
		7241414A2E7D47D8000F0503 /* App */ = {
			isa = PBXGroup;
			children = (
				724141462E7D47D5000F0503 /* ChicknStandApp.swift */,
			);
			path = App;
			sourceTree = "<group>";
		};
		7241414E2E7D47F8000F0503 /* Extensions */ = {
			isa = PBXGroup;
			children = (
				7241414B2E7D47F8000F0503 /* View+Extensions.swift */,
				7241414C2E7D47F8000F0503 /* Color+Extensions.swift */,
				7241414D2E7D47F8000F0503 /* ShapeStyle+Extensions.swift */,
			);
			path = Extensions;
			sourceTree = "<group>";
		};
		724141532E7D47FF000F0503 /* HomeWebScreen */ = {
			isa = PBXGroup;
			children = (
				724141522E7D47FF000F0503 /* CSHomeWebView.swift */,
			);
			path = HomeWebScreen;
			sourceTree = "<group>";
		};
		724141552E7D47FF000F0503 /* LaunchScreen */ = {
			isa = PBXGroup;
			children = (
				724141542E7D47FF000F0503 /* CSLaunchView.swift */,
			);
			path = LaunchScreen;
			sourceTree = "<group>";
		};
		724141562E7D47FF000F0503 /* Screens */ = {
			isa = PBXGroup;
			children = (
				724141532E7D47FF000F0503 /* HomeWebScreen */,
				724141552E7D47FF000F0503 /* LaunchScreen */,
			);
			path = Screens;
			sourceTree = "<group>";
		};
		B3DEB65DADB84E54A95C0312 /* Pods */ = {
			isa = PBXGroup;
			children = (
				0B5C99B21D11D70CF90CD5C9 /* Pods-ChicknStand.debug.xcconfig */,
				71D522743128014DBD66066F /* Pods-ChicknStand.release.xcconfig */,
			);
			name = Pods;
			path = Pods;
			sourceTree = "<group>";
		};
/* End PBXGroup section */

/* Begin PBXNativeTarget section */
		724141352E7D4759000F0503 /* ChicknStand */ = {
			isa = PBXNativeTarget;
			buildConfigurationList = 724141422E7D475B000F0503 /* Build configuration list for PBXNativeTarget "ChicknStand" */;
			buildPhases = (
				90E3D6CEAF11E6A7A88B5E50 /* [CP] Check Pods Manifest.lock */,
				724141322E7D4759000F0503 /* Sources */,
				724141332E7D4759000F0503 /* Frameworks */,
				724141342E7D4759000F0503 /* Resources */,
			);
			buildRules = (
			);
			dependencies = (
			);
			name = ChicknStand;
			productName = ChicknStand;
			productReference = 724141362E7D4759000F0503 /* ChicknStand.app */;
			productType = "com.apple.product-type.application";
		};
/* End PBXNativeTarget section */

/* Begin PBXProject section */
		7241412E2E7D4759000F0503 /* Project object */ = {
			isa = PBXProject;
			attributes = {
				BuildIndependentTargetsInParallel = 1;
				LastSwiftUpdateCheck = 1630;
				LastUpgradeCheck = 1630;
				TargetAttributes = {
					724141352E7D4759000F0503 = {
						CreatedOnToolsVersion = 16.3;
					};
				};
			};
			buildConfigurationList = 724141312E7D4759000F0503 /* Build configuration list for PBXProject "ChicknStand" */;
			developmentRegion = en;
			hasScannedForEncodings = 0;
			knownRegions = (
				en,
				Base,
			);
			mainGroup = 7241412D2E7D4759000F0503;
			minimizedProjectReferenceProxies = 1;
			preferredProjectObjectVersion = 55;
			productRefGroup = 724141372E7D4759000F0503 /* Products */;
			projectDirPath = "";
			projectRoot = "";
			targets = (
				724141352E7D4759000F0503 /* ChicknStand */,
			);
		};
/* End PBXProject section */

/* Begin PBXResourcesBuildPhase section */
		724141342E7D4759000F0503 /* Resources */ = {
			isa = PBXResourcesBuildPhase;
			buildActionMask = 2147483647;
			files = (
				724141482E7D47D5000F0503 /* Assets.xcassets in Resources */,
			);
			runOnlyForDeploymentPostprocessing = 0;
		};
/* End PBXResourcesBuildPhase section */

/* Begin PBXShellScriptBuildPhase section */
		90E3D6CEAF11E6A7A88B5E50 /* [CP] Check Pods Manifest.lock */ = {
			isa = PBXShellScriptBuildPhase;
			buildActionMask = 2147483647;
			files = (
			);
			inputFileListPaths = (
			);
			inputPaths = (
				"${PODS_PODFILE_DIR_PATH}/Podfile.lock",
				"${PODS_ROOT}/Manifest.lock",
			);
			name = "[CP] Check Pods Manifest.lock";
			outputFileListPaths = (
			);
			outputPaths = (
				"$(DERIVED_FILE_DIR)/Pods-ChicknStand-checkManifestLockResult.txt",
			);
			runOnlyForDeploymentPostprocessing = 0;
			shellPath = /bin/sh;
			shellScript = "diff \"${PODS_PODFILE_DIR_PATH}/Podfile.lock\" \"${PODS_ROOT}/Manifest.lock\" > /dev/null\nif [ $? != 0 ] ; then\n    # print error to STDERR\n    echo \"error: The sandbox is not in sync with the Podfile.lock. Run 'pod install' or update your CocoaPods installation.\" >&2\n    exit 1\nfi\n# This output is used by Xcode 'outputs' to avoid re-running this script phase.\necho \"SUCCESS\" > \"${SCRIPT_OUTPUT_FILE_0}\"\n";
			showEnvVarsInLog = 0;
		};
/* End PBXShellScriptBuildPhase section */

/* Begin PBXSourcesBuildPhase section */
		724141322E7D4759000F0503 /* Sources */ = {
			isa = PBXSourcesBuildPhase;
			buildActionMask = 2147483647;
			files = (
				724141572E7D47FF000F0503 /* CSLaunchView.swift in Sources */,
				724141582E7D47FF000F0503 /* CSHomeWebView.swift in Sources */,
				7241414F2E7D47F8000F0503 /* Color+Extensions.swift in Sources */,
				724141502E7D47F8000F0503 /* ShapeStyle+Extensions.swift in Sources */,
				724141512E7D47F8000F0503 /* View+Extensions.swift in Sources */,
				724141492E7D47D5000F0503 /* ChicknStandApp.swift in Sources */,
			);
			runOnlyForDeploymentPostprocessing = 0;
		};
/* End PBXSourcesBuildPhase section */

/* Begin XCBuildConfiguration section */
		724141402E7D475B000F0503 /* Debug */ = {
			isa = XCBuildConfiguration;
			buildSettings = {
				ALWAYS_SEARCH_USER_PATHS = NO;
				ASSETCATALOG_COMPILER_GENERATE_SWIFT_ASSET_SYMBOL_EXTENSIONS = YES;
				CLANG_ANALYZER_NONNULL = YES;
				CLANG_ANALYZER_NUMBER_OBJECT_CONVERSION = YES_AGGRESSIVE;
				CLANG_CXX_LANGUAGE_STANDARD = "gnu++20";
				CLANG_ENABLE_MODULES = YES;
				CLANG_ENABLE_OBJC_ARC = YES;
				CLANG_ENABLE_OBJC_WEAK = YES;
				CLANG_WARN_BLOCK_CAPTURE_AUTORELEASING = YES;
				CLANG_WARN_BOOL_CONVERSION = YES;
				CLANG_WARN_COMMA = YES;
				CLANG_WARN_CONSTANT_CONVERSION = YES;
				CLANG_WARN_DEPRECATED_OBJC_IMPLEMENTATIONS = YES;
				CLANG_WARN_DIRECT_OBJC_ISA_USAGE = YES_ERROR;
				CLANG_WARN_DOCUMENTATION_COMMENTS = YES;
				CLANG_WARN_EMPTY_BODY = YES;
				CLANG_WARN_ENUM_CONVERSION = YES;
				CLANG_WARN_INFINITE_RECURSION = YES;
				CLANG_WARN_INT_CONVERSION = YES;
				CLANG_WARN_NON_LITERAL_NULL_CONVERSION = YES;
				CLANG_WARN_OBJC_IMPLICIT_RETAIN_SELF = YES;
				CLANG_WARN_OBJC_LITERAL_CONVERSION = YES;
				CLANG_WARN_OBJC_ROOT_CLASS = YES_ERROR;
				CLANG_WARN_QUOTED_INCLUDE_IN_FRAMEWORK_HEADER = YES;
				CLANG_WARN_RANGE_LOOP_ANALYSIS = YES;
				CLANG_WARN_STRICT_PROTOTYPES = YES;
				CLANG_WARN_SUSPICIOUS_MOVE = YES;
				CLANG_WARN_UNGUARDED_AVAILABILITY = YES_AGGRESSIVE;
				CLANG_WARN_UNREACHABLE_CODE = YES;
				CLANG_WARN__DUPLICATE_METHOD_MATCH = YES;
				COPY_PHASE_STRIP = NO;
				DEBUG_INFORMATION_FORMAT = dwarf;
				ENABLE_STRICT_OBJC_MSGSEND = YES;
				ENABLE_TESTABILITY = YES;
				ENABLE_USER_SCRIPT_SANDBOXING = YES;
				GCC_C_LANGUAGE_STANDARD = gnu17;
				GCC_DYNAMIC_NO_PIC = NO;
				GCC_NO_COMMON_BLOCKS = YES;
				GCC_OPTIMIZATION_LEVEL = 0;
				GCC_PREPROCESSOR_DEFINITIONS = (
					"DEBUG=1",
					"$(inherited)",
				);
				GCC_WARN_64_TO_32_BIT_CONVERSION = YES;
				GCC_WARN_ABOUT_RETURN_TYPE = YES_ERROR;
				GCC_WARN_UNDECLARED_SELECTOR = YES;
				GCC_WARN_UNINITIALIZED_AUTOS = YES_AGGRESSIVE;
				GCC_WARN_UNUSED_FUNCTION = YES;
				GCC_WARN_UNUSED_VARIABLE = YES;
				LOCALIZATION_PREFERS_STRING_CATALOGS = YES;
				MTL_ENABLE_DEBUG_INFO = INCLUDE_SOURCE;
				MTL_FAST_MATH = YES;
				ONLY_ACTIVE_ARCH = YES;
				SWIFT_ACTIVE_COMPILATION_CONDITIONS = "DEBUG $(inherited)";
				SWIFT_OPTIMIZATION_LEVEL = "-Onone";
			};
			name = Debug;
		};
		724141412E7D475B000F0503 /* Release */ = {
			isa = XCBuildConfiguration;
			buildSettings = {
				ALWAYS_SEARCH_USER_PATHS = NO;
				ASSETCATALOG_COMPILER_GENERATE_SWIFT_ASSET_SYMBOL_EXTENSIONS = YES;
				CLANG_ANALYZER_NONNULL = YES;
				CLANG_ANALYZER_NUMBER_OBJECT_CONVERSION = YES_AGGRESSIVE;
				CLANG_CXX_LANGUAGE_STANDARD = "gnu++20";
				CLANG_ENABLE_MODULES = YES;
				CLANG_ENABLE_OBJC_ARC = YES;
				CLANG_ENABLE_OBJC_WEAK = YES;
				CLANG_WARN_BLOCK_CAPTURE_AUTORELEASING = YES;
				CLANG_WARN_BOOL_CONVERSION = YES;
				CLANG_WARN_COMMA = YES;
				CLANG_WARN_CONSTANT_CONVERSION = YES;
				CLANG_WARN_DEPRECATED_OBJC_IMPLEMENTATIONS = YES;
				CLANG_WARN_DIRECT_OBJC_ISA_USAGE = YES_ERROR;
				CLANG_WARN_DOCUMENTATION_COMMENTS = YES;
				CLANG_WARN_EMPTY_BODY = YES;
				CLANG_WARN_ENUM_CONVERSION = YES;
				CLANG_WARN_INFINITE_RECURSION = YES;
				CLANG_WARN_INT_CONVERSION = YES;
				CLANG_WARN_NON_LITERAL_NULL_CONVERSION = YES;
				CLANG_WARN_OBJC_IMPLICIT_RETAIN_SELF = YES;
				CLANG_WARN_OBJC_LITERAL_CONVERSION = YES;
				CLANG_WARN_OBJC_ROOT_CLASS = YES_ERROR;
				CLANG_WARN_QUOTED_INCLUDE_IN_FRAMEWORK_HEADER = YES;
				CLANG_WARN_RANGE_LOOP_ANALYSIS = YES;
				CLANG_WARN_STRICT_PROTOTYPES = YES;
				CLANG_WARN_SUSPICIOUS_MOVE = YES;
				CLANG_WARN_UNGUARDED_AVAILABILITY = YES_AGGRESSIVE;
				CLANG_WARN_UNREACHABLE_CODE = YES;
				CLANG_WARN__DUPLICATE_METHOD_MATCH = YES;
				COPY_PHASE_STRIP = NO;
				DEBUG_INFORMATION_FORMAT = "dwarf-with-dsym";
				ENABLE_NS_ASSERTIONS = NO;
				ENABLE_STRICT_OBJC_MSGSEND = YES;
				ENABLE_USER_SCRIPT_SANDBOXING = YES;
				GCC_C_LANGUAGE_STANDARD = gnu17;
				GCC_NO_COMMON_BLOCKS = YES;
				GCC_WARN_64_TO_32_BIT_CONVERSION = YES;
				GCC_WARN_ABOUT_RETURN_TYPE = YES_ERROR;
				GCC_WARN_UNDECLARED_SELECTOR = YES;
				GCC_WARN_UNINITIALIZED_AUTOS = YES_AGGRESSIVE;
				GCC_WARN_UNUSED_FUNCTION = YES;
				GCC_WARN_UNUSED_VARIABLE = YES;
				LOCALIZATION_PREFERS_STRING_CATALOGS = YES;
				MTL_ENABLE_DEBUG_INFO = NO;
				MTL_FAST_MATH = YES;
				SWIFT_COMPILATION_MODE = wholemodule;
			};
			name = Release;
		};
		724141432E7D475B000F0503 /* Debug */ = {
			isa = XCBuildConfiguration;
			baseConfigurationReference = 0B5C99B21D11D70CF90CD5C9 /* Pods-ChicknStand.debug.xcconfig */;
			buildSettings = {
				ASSETCATALOG_COMPILER_APPICON_NAME = AppIcon;
				ASSETCATALOG_COMPILER_GLOBAL_ACCENT_COLOR_NAME = AccentColor;
				CODE_SIGN_STYLE = Automatic;
				CURRENT_PROJECT_VERSION = 1;
				DEVELOPMENT_TEAM = 99Y7AUQG6Y;
				ENABLE_PREVIEWS = YES;
				GENERATE_INFOPLIST_FILE = YES;
				"INFOPLIST_KEY_UIApplicationSceneManifest_Generation[sdk=iphoneos*]" = YES;
				"INFOPLIST_KEY_UIApplicationSceneManifest_Generation[sdk=iphonesimulator*]" = YES;
				"INFOPLIST_KEY_UIApplicationSupportsIndirectInputEvents[sdk=iphoneos*]" = YES;
				"INFOPLIST_KEY_UIApplicationSupportsIndirectInputEvents[sdk=iphonesimulator*]" = YES;
				"INFOPLIST_KEY_UILaunchScreen_Generation[sdk=iphoneos*]" = YES;
				"INFOPLIST_KEY_UILaunchScreen_Generation[sdk=iphonesimulator*]" = YES;
				"INFOPLIST_KEY_UIStatusBarStyle[sdk=iphoneos*]" = UIStatusBarStyleDefault;
				"INFOPLIST_KEY_UIStatusBarStyle[sdk=iphonesimulator*]" = UIStatusBarStyleDefault;
				INFOPLIST_KEY_UISupportedInterfaceOrientations = "UIInterfaceOrientationLandscapeLeft UIInterfaceOrientationLandscapeRight";
				INFOPLIST_KEY_UISupportedInterfaceOrientations_iPad = "UIInterfaceOrientationLandscapeLeft UIInterfaceOrientationLandscapeRight UIInterfaceOrientationPortrait UIInterfaceOrientationPortraitUpsideDown";
				IPHONEOS_DEPLOYMENT_TARGET = 15.0;
				LD_RUNPATH_SEARCH_PATHS = "@executable_path/Frameworks";
				"LD_RUNPATH_SEARCH_PATHS[sdk=macosx*]" = "@executable_path/../Frameworks";
				MACOSX_DEPLOYMENT_TARGET = 15.4;
				MARKETING_VERSION = 1.0;
				PRODUCT_BUNDLE_IDENTIFIER = com.pimorproj.app;
				PRODUCT_NAME = "$(TARGET_NAME)";
				REGISTER_APP_GROUPS = YES;
				SDKROOT = auto;
				SUPPORTED_PLATFORMS = "iphoneos iphonesimulator";
				SUPPORTS_MACCATALYST = NO;
				SWIFT_EMIT_LOC_STRINGS = YES;
				SWIFT_VERSION = 5.0;
				TARGETED_DEVICE_FAMILY = 1;
				XROS_DEPLOYMENT_TARGET = 2.4;
			};
			name = Debug;
		};
		724141442E7D475B000F0503 /* Release */ = {
			isa = XCBuildConfiguration;
			baseConfigurationReference = 71D522743128014DBD66066F /* Pods-ChicknStand.release.xcconfig */;
			buildSettings = {
				ASSETCATALOG_COMPILER_APPICON_NAME = AppIcon;
				ASSETCATALOG_COMPILER_GLOBAL_ACCENT_COLOR_NAME = AccentColor;
				CODE_SIGN_STYLE = Automatic;
				CURRENT_PROJECT_VERSION = 1;
				DEVELOPMENT_TEAM = 99Y7AUQG6Y;
				ENABLE_PREVIEWS = YES;
				GENERATE_INFOPLIST_FILE = YES;
				"INFOPLIST_KEY_UIApplicationSceneManifest_Generation[sdk=iphoneos*]" = YES;
				"INFOPLIST_KEY_UIApplicationSceneManifest_Generation[sdk=iphonesimulator*]" = YES;
				"INFOPLIST_KEY_UIApplicationSupportsIndirectInputEvents[sdk=iphoneos*]" = YES;
				"INFOPLIST_KEY_UIApplicationSupportsIndirectInputEvents[sdk=iphonesimulator*]" = YES;
				"INFOPLIST_KEY_UILaunchScreen_Generation[sdk=iphoneos*]" = YES;
				"INFOPLIST_KEY_UILaunchScreen_Generation[sdk=iphonesimulator*]" = YES;
				"INFOPLIST_KEY_UIStatusBarStyle[sdk=iphoneos*]" = UIStatusBarStyleDefault;
				"INFOPLIST_KEY_UIStatusBarStyle[sdk=iphonesimulator*]" = UIStatusBarStyleDefault;
				INFOPLIST_KEY_UISupportedInterfaceOrientations = "UIInterfaceOrientationLandscapeLeft UIInterfaceOrientationLandscapeRight";
				INFOPLIST_KEY_UISupportedInterfaceOrientations_iPad = "UIInterfaceOrientationLandscapeLeft UIInterfaceOrientationLandscapeRight UIInterfaceOrientationPortrait UIInterfaceOrientationPortraitUpsideDown";
				IPHONEOS_DEPLOYMENT_TARGET = 15.0;
				LD_RUNPATH_SEARCH_PATHS = "@executable_path/Frameworks";
				"LD_RUNPATH_SEARCH_PATHS[sdk=macosx*]" = "@executable_path/../Frameworks";
				MACOSX_DEPLOYMENT_TARGET = 15.4;
				MARKETING_VERSION = 1.0;
				PRODUCT_BUNDLE_IDENTIFIER = com.pimorproj.app;
				PRODUCT_NAME = "$(TARGET_NAME)";
				REGISTER_APP_GROUPS = YES;
				SDKROOT = auto;
				SUPPORTED_PLATFORMS = "iphoneos iphonesimulator";
				SUPPORTS_MACCATALYST = NO;
				SWIFT_EMIT_LOC_STRINGS = YES;
				SWIFT_VERSION = 5.0;
				TARGETED_DEVICE_FAMILY = 1;
				XROS_DEPLOYMENT_TARGET = 2.4;
			};
			name = Release;
		};
/* End XCBuildConfiguration section */

/* Begin XCConfigurationList section */
		724141312E7D4759000F0503 /* Build configuration list for PBXProject "ChicknStand" */ = {
			isa = XCConfigurationList;
			buildConfigurations = (
				724141402E7D475B000F0503 /* Debug */,
				724141412E7D475B000F0503 /* Release */,
			);
			defaultConfigurationIsVisible = 0;
			defaultConfigurationName = Release;
		};
		724141422E7D475B000F0503 /* Build configuration list for PBXNativeTarget "ChicknStand" */ = {
			isa = XCConfigurationList;
			buildConfigurations = (
				724141432E7D475B000F0503 /* Debug */,
				724141442E7D475B000F0503 /* Release */,
			);
			defaultConfigurationIsVisible = 0;
			defaultConfigurationName = Release;
		};
/* End XCConfigurationList section */
	};
	rootObject = 7241412E2E7D4759000F0503 /* Project object */;
}
